
Microsoft Visual Studio Solution File, Format Version 12.00
# Visual Studio 14
VisualStudioVersion = 14.0.25420.1
MinimumVisualStudioVersion = 10.0.40219.1
Project("{FAE04EC0-301F-11D3-BF4B-00C04F79EFBC}") = "ELBeoShop.Common", "ELBeoShop.Common\ELBeoShop.Common.csproj", "{A6CE6D24-6E9D-4E4C-86B4-0CA2A368A72D}"
EndProject
Project("{FAE04EC0-301F-11D3-BF4B-00C04F79EFBC}") = "ELBeoShop.model", "ELBeoShop.model\ELBeoShop.model.csproj", "{780C529F-6776-4FEF-994D-ED7B073EB3EE}"
EndProject
Project("{FAE04EC0-301F-11D3-BF4B-00C04F79EFBC}") = "ELBeoShop.Data", "ELBeoShop.Data\ELBeoShop.Data.csproj", "{56086F62-0D60-4ACB-AB55-182D7F460543}"
EndProject
Project("{FAE04EC0-301F-11D3-BF4B-00C04F79EFBC}") = "ELBeoShop.service", "ELBeoShop.service\ELBeoShop.service.csproj", "{65D17889-67A7-4670-824C-7DCDBF3AB462}"
EndProject
Project("{FAE04EC0-301F-11D3-BF4B-00C04F79EFBC}") = "ELBeoShop.test", "ELBeoShop.test\ELBeoShop.test.csproj", "{5756470D-2888-473F-9943-BE76BC0E393B}"
EndProject
Project("{FAE04EC0-301F-11D3-BF4B-00C04F79EFBC}") = "ELBeoShop.web", "ELBeoShop.web\ELBeoShop.web.csproj", "{3E625EDC-CDE1-465C-B340-DB6025715B9C}"
EndProject
Global
	GlobalSection(SolutionConfigurationPlatforms) = preSolution
		Debug|Any CPU = Debug|Any CPU
		Release|Any CPU = Release|Any CPU
	EndGlobalSection
	GlobalSection(ProjectConfigurationPlatforms) = postSolution
		{A6CE6D24-6E9D-4E4C-86B4-0CA2A368A72D}.Debug|Any CPU.ActiveCfg = Debug|Any CPU
		{A6CE6D24-6E9D-4E4C-86B4-0CA2A368A72D}.Debug|Any CPU.Build.0 = Debug|Any CPU
		{A6CE6D24-6E9D-4E4C-86B4-0CA2A368A72D}.Release|Any CPU.ActiveCfg = Release|Any CPU
		{A6CE6D24-6E9D-4E4C-86B4-0CA2A368A72D}.Release|Any CPU.Build.0 = Release|Any CPU
		{780C529F-6776-4FEF-994D-ED7B073EB3EE}.Debug|Any CPU.ActiveCfg = Debug|Any CPU
		{780C529F-6776-4FEF-994D-ED7B073EB3EE}.Debug|Any CPU.Build.0 = Debug|Any CPU
		{780C529F-6776-4FEF-994D-ED7B073EB3EE}.Release|Any CPU.ActiveCfg = Release|Any CPU
		{780C529F-6776-4FEF-994D-ED7B073EB3EE}.Release|Any CPU.Build.0 = Release|Any CPU
		{56086F62-0D60-4ACB-AB55-182D7F460543}.Debug|Any CPU.ActiveCfg = Debug|Any CPU
		{56086F62-0D60-4ACB-AB55-182D7F460543}.Debug|Any CPU.Build.0 = Debug|Any CPU
		{56086F62-0D60-4ACB-AB55-182D7F460543}.Release|Any CPU.ActiveCfg = Release|Any CPU
		{56086F62-0D60-4ACB-AB55-182D7F460543}.Release|Any CPU.Build.0 = Release|Any CPU
		{65D17889-67A7-4670-824C-7DCDBF3AB462}.Debug|Any CPU.ActiveCfg = Debug|Any CPU
		{65D17889-67A7-4670-824C-7DCDBF3AB462}.Debug|Any CPU.Build.0 = Debug|Any CPU
		{65D17889-67A7-4670-824C-7DCDBF3AB462}.Release|Any CPU.ActiveCfg = Release|Any CPU
		{65D17889-67A7-4670-824C-7DCDBF3AB462}.Release|Any CPU.Build.0 = Release|Any CPU
		{5756470D-2888-473F-9943-BE76BC0E393B}.Debug|Any CPU.ActiveCfg = Debug|Any CPU
		{5756470D-2888-473F-9943-BE76BC0E393B}.Debug|Any CPU.Build.0 = Debug|Any CPU
		{5756470D-2888-473F-9943-BE76BC0E393B}.Release|Any CPU.ActiveCfg = Release|Any CPU
		{5756470D-2888-473F-9943-BE76BC0E393B}.Release|Any CPU.Build.0 = Release|Any CPU
		{3E625EDC-CDE1-465C-B340-DB6025715B9C}.Debug|Any CPU.ActiveCfg = Debug|Any CPU
		{3E625EDC-CDE1-465C-B340-DB6025715B9C}.Debug|Any CPU.Build.0 = Debug|Any CPU
		{3E625EDC-CDE1-465C-B340-DB6025715B9C}.Release|Any CPU.ActiveCfg = Release|Any CPU
		{3E625EDC-CDE1-465C-B340-DB6025715B9C}.Release|Any CPU.Build.0 = Release|Any CPU
	EndGlobalSection
	GlobalSection(SolutionProperties) = preSolution
		HideSolutionNode = FALSE
	EndGlobalSection
EndGlobal
